<?xml version="1.0" encoding="utf-8"?>
<Project ToolsVersion="4.0" xmlns="http://schemas.microsoft.com/developer/msbuild/2003">
  <ItemGroup>
    <Filter Include="Source Files">
      <UniqueIdentifier>{4FC737F1-C7A5-4376-A066-2A32D752A2FF}</UniqueIdentifier>
      <Extensions>cpp;c;cc;cxx;c++;cppm;ixx;def;odl;idl;hpj;bat;asm;asmx</Extensions>
    </Filter>
    <Filter Include="Header Files">
      <UniqueIdentifier>{93995380-89BD-4b04-88EB-625FBE52EBFB}</UniqueIdentifier>
      <Extensions>h;hh;hpp;hxx;h++;hm;inl;inc;ipp;xsd</Extensions>
    </Filter>
    <Filter Include="Resource Files">
      <UniqueIdentifier>{67DA6AB6-F800-4c08-8B7A-83BB121AAD01}</UniqueIdentifier>
      <Extensions>rc;ico;cur;bmp;dlg;rc2;rct;bin;rgs;gif;jpg;jpeg;jpe;resx;tiff;tif;png;wav;mfcribbon-ms</Extensions>
    </Filter>
  </ItemGroup>
  <ItemGroup>
    <ClInclude Include="framework.h">
      <Filter>Header Files</Filter>
    </ClInclude>
    <ClInclude Include="pch.h">
      <Filter>Header Files</Filter>
    </ClInclude>
    <ClInclude Include="include\AppBasics.h">
      <Filter>Header Files</Filter>
    </ClInclude>
    <ClInclude Include="include\Basics.h">
      <Filter>Header Files</Filter>
    </ClInclude>
    <ClInclude Include="include\GameBasics.h">
      <Filter>Header Files</Filter>
    </ClInclude>
    <ClInclude Include="include\GraphicsBasics.h">
      <Filter>Header Files</Filter>
    </ClInclude>
    <ClInclude Include="include\OfficeBasics.h">
      <Filter>Header Files</Filter>
    </ClInclude>
    <ClInclude Include="include\GraphicsBasics\RoundedRectangleShape.hpp">
      <Filter>Header Files</Filter>
    </ClInclude>
    <ClInclude Include="include\AppBasics\AppInfo.h">
      <Filter>Header Files</Filter>
    </ClInclude>
    <ClInclude Include="include\AppBasics\AppUpdatables.h">
      <Filter>Header Files</Filter>
    </ClInclude>
    <ClInclude Include="include\AppBasics\Scene.h">
      <Filter>Header Files</Filter>
    </ClInclude>
    <ClInclude Include="include\AppBasics\Application.h">
      <Filter>Header Files</Filter>
    </ClInclude>
    <ClInclude Include="include\GraphicsBasics\Animation.h">
      <Filter>Header Files</Filter>
    </ClInclude>
    <ClInclude Include="include\GraphicsBasics\UserInterface.h">
      <Filter>Header Files</Filter>
    </ClInclude>
    <ClInclude Include="include\OfficeBasics\ElementEvent.h">
      <Filter>Header Files</Filter>
    </ClInclude>
    <ClInclude Include="include\NetworkBasics\Client.h">
      <Filter>Header Files</Filter>
    </ClInclude>
    <ClInclude Include="include\NetworkBasics\Server.h">
      <Filter>Header Files</Filter>
    </ClInclude>
    <ClInclude Include="include\NetworkBasics.h">
      <Filter>Header Files</Filter>
    </ClInclude>
    <ClInclude Include="include\OfficeBasics\Align.h">
      <Filter>Header Files</Filter>
    </ClInclude>
    <ClInclude Include="include\OfficeBasics\Element.h">
      <Filter>Header Files</Filter>
    </ClInclude>
    <ClInclude Include="include\OfficeBasics\Label.h">
      <Filter>Header Files</Filter>
    </ClInclude>
    <ClInclude Include="include\OfficeBasics\Clickable.h">
      <Filter>Header Files</Filter>
    </ClInclude>
    <ClInclude Include="include\OfficeBasics\Button.h">
      <Filter>Header Files</Filter>
    </ClInclude>
    <ClInclude Include="include\OfficeBasics\Input.h">
      <Filter>Header Files</Filter>
    </ClInclude>
    <ClInclude Include="include\OfficeBasics\TextBox.h">
      <Filter>Header Files</Filter>
    </ClInclude>
    <ClInclude Include="include\OfficeBasics\Menu.h">
      <Filter>Header Files</Filter>
    </ClInclude>
    <ClInclude Include="include\GameBasics\Object.h">
      <Filter>Header Files</Filter>
    </ClInclude>
    <ClInclude Include="include\GameBasics\Trigger.h">
      <Filter>Header Files</Filter>
    </ClInclude>
    <ClInclude Include="include\GameBasics\Collider.h">
      <Filter>Header Files</Filter>
    </ClInclude>
    <ClInclude Include="include\GameBasics\RigidBody.h">
      <Filter>Header Files</Filter>
    </ClInclude>
    <ClInclude Include="include\GameBasics\Map.h">
      <Filter>Header Files</Filter>
    </ClInclude>
    <ClInclude Include="include\GameBasics\GameScene.h">
      <Filter>Header Files</Filter>
    </ClInclude>
    <ClInclude Include="include\GameBasics\Objects.h">
      <Filter>Header Files</Filter>
    </ClInclude>
    <ClInclude Include="include\SystemBasics\valid_ptr.h">
      <Filter>Header Files</Filter>
    </ClInclude>
    <ClInclude Include="include\SystemBasics\Config.h">
      <Filter>Header Files</Filter>
    </ClInclude>
    <ClInclude Include="include\SFMLBasics\Audio.h">
      <Filter>Header Files</Filter>
    </ClInclude>
    <ClInclude Include="include\SFMLBasics\Graphics.h">
      <Filter>Header Files</Filter>
    </ClInclude>
    <ClInclude Include="include\SFMLBasics\Network.h">
      <Filter>Header Files</Filter>
    </ClInclude>
    <ClInclude Include="include\SFMLBasics\System.h">
      <Filter>Header Files</Filter>
    </ClInclude>
    <ClInclude Include="include\SystemBasics.h">
      <Filter>Header Files</Filter>
    </ClInclude>
    <ClInclude Include="include\SystemBasics\Container.h">
      <Filter>Header Files</Filter>
    </ClInclude>
    <ClInclude Include="include\SystemBasics\Manager.h">
      <Filter>Header Files</Filter>
    </ClInclude>
    <ClInclude Include="include\AppBasics\Updatable.h">
      <Filter>Header Files</Filter>
    </ClInclude>
    <ClInclude Include="include\AppBasics\EventUpdatable.h">
      <Filter>Header Files</Filter>
    </ClInclude>
    <ClInclude Include="include\AppBasics\Initializable.h">
      <Filter>Header Files</Filter>
    </ClInclude>
    <ClInclude Include="include\SFMLBasics.h">
      <Filter>Header Files</Filter>
    </ClInclude>
    <ClInclude Include="include\SystemBasics\ChangeTracker.h">
      <Filter>Header Files</Filter>
    </ClInclude>
    <ClInclude Include="include\SystemBasics\ConditionClasses.h">
      <Filter>Header Files</Filter>
    </ClInclude>
    <ClInclude Include="include\SFMLBasics\OpenGL.h">
      <Filter>Header Files</Filter>
    </ClInclude>
  </ItemGroup>
  <ItemGroup>
    <ClCompile Include="dllmain.cpp">
      <Filter>Source Files</Filter>
    </ClCompile>
    <ClCompile Include="pch.cpp">
      <Filter>Source Files</Filter>
    </ClCompile>
    <ClCompile Include="src\Source.cpp">
      <Filter>Source Files</Filter>
    </ClCompile>
  </ItemGroup>
  <ItemGroup>
    <None Include="cpp.hint" />
  </ItemGroup>
</Project>